
Microsoft Visual Studio Solution File, Format Version 12.00
# Visual Studio Version 17
VisualStudioVersion = 17.13.35818.85 d17.13
MinimumVisualStudioVersion = 10.0.40219.1
Project("{FAE04EC0-301F-11D3-BF4B-00C04F79EFBC}") = "RestaurantAutomation", "RestaurantAutomation\RestaurantAutomation.csproj", "{F6079F23-D8E5-4407-9690-F3BD1528B9E1}"
EndProject
Global
	GlobalSection(SolutionConfigurationPlatforms) = preSolution
		Debug|Any CPU = Debug|Any CPU
		Release|Any CPU = Release|Any CPU
	EndGlobalSection
	GlobalSection(ProjectConfigurationPlatforms) = postSolution
		{F6079F23-D8E5-4407-9690-F3BD1528B9E1}.Debug|Any CPU.ActiveCfg = Debug|Any CPU
		{F6079F23-D8E5-4407-9690-F3BD1528B9E1}.Debug|Any CPU.Build.0 = Debug|Any CPU
		{F6079F23-D8E5-4407-9690-F3BD1528B9E1}.Release|Any CPU.ActiveCfg = Release|Any CPU
		{F6079F23-D8E5-4407-9690-F3BD1528B9E1}.Release|Any CPU.Build.0 = Release|Any CPU
	EndGlobalSection
	GlobalSection(SolutionProperties) = preSolution
		HideSolutionNode = FALSE
	EndGlobalSection
	GlobalSection(ExtensibilityGlobals) = postSolution
		SolutionGuid = {24F37BF1-BAE2-4198-84DE-9341C4AC59A6}
	EndGlobalSection
EndGlobal
